
Microsoft Visual Studio Solution File, Format Version 12.00
# Visual Studio 15
VisualStudioVersion = 15.0.28307.645
MinimumVisualStudioVersion = 10.0.40219.1
Project("{FAE04EC0-301F-11D3-BF4B-00C04F79EFBC}") = "Blackjack", "Blackjack\Blackjack.csproj", "{8A5B4753-E914-4487-9429-A0FC0B8337EB}"
EndProject
Project("{FAE04EC0-301F-11D3-BF4B-00C04F79EFBC}") = "Blackjack_Testing", "Blackjack_Testing\Blackjack_Testing.csproj", "{41766745-5E7C-4427-BF12-C6E937938851}"
EndProject
Project("{FAE04EC0-301F-11D3-BF4B-00C04F79EFBC}") = "Blackjack_CL", "Blackjack_CL\Blackjack_CL.csproj", "{D41E3048-7243-4903-8126-70E57294A276}"
EndProject
Global
	GlobalSection(SolutionConfigurationPlatforms) = preSolution
		Debug|Any CPU = Debug|Any CPU
		Release|Any CPU = Release|Any CPU
	EndGlobalSection
	GlobalSection(ProjectConfigurationPlatforms) = postSolution
		{8A5B4753-E914-4487-9429-A0FC0B8337EB}.Debug|Any CPU.ActiveCfg = Debug|Any CPU
		{8A5B4753-E914-4487-9429-A0FC0B8337EB}.Debug|Any CPU.Build.0 = Debug|Any CPU
		{8A5B4753-E914-4487-9429-A0FC0B8337EB}.Release|Any CPU.ActiveCfg = Release|Any CPU
		{8A5B4753-E914-4487-9429-A0FC0B8337EB}.Release|Any CPU.Build.0 = Release|Any CPU
		{41766745-5E7C-4427-BF12-C6E937938851}.Debug|Any CPU.ActiveCfg = Debug|Any CPU
		{41766745-5E7C-4427-BF12-C6E937938851}.Debug|Any CPU.Build.0 = Debug|Any CPU
		{41766745-5E7C-4427-BF12-C6E937938851}.Release|Any CPU.ActiveCfg = Release|Any CPU
		{41766745-5E7C-4427-BF12-C6E937938851}.Release|Any CPU.Build.0 = Release|Any CPU
		{D41E3048-7243-4903-8126-70E57294A276}.Debug|Any CPU.ActiveCfg = Debug|Any CPU
		{D41E3048-7243-4903-8126-70E57294A276}.Debug|Any CPU.Build.0 = Debug|Any CPU
		{D41E3048-7243-4903-8126-70E57294A276}.Release|Any CPU.ActiveCfg = Release|Any CPU
		{D41E3048-7243-4903-8126-70E57294A276}.Release|Any CPU.Build.0 = Release|Any CPU
	EndGlobalSection
	GlobalSection(SolutionProperties) = preSolution
		HideSolutionNode = FALSE
	EndGlobalSection
	GlobalSection(ExtensibilityGlobals) = postSolution
		SolutionGuid = {DE961547-E423-4D6E-849A-20C1E62E0F53}
	EndGlobalSection
EndGlobal
